# This file is autogenerated, do not edit; changes may be undone by the next 'dep ensure'.


[[projects]]
  digest = "1:76dc72490af7174349349838f2fe118996381b31ea83243812a97e5a0fd5ed55"
  name = "github.com/dgrijalva/jwt-go"
  packages = ["."]
  pruneopts = "UT"
  revision = "06ea1031745cb8b3dab3f6a236daf2b0aa468b7e"
  version = "v3.2.0"

[[projects]]
  digest = "1:c950e574951c7199fb3d990d0e7a61996f40f8e646ba7cf8a557878d4c737f53"
  name = "github.com/go-redis/redis"
  packages = [
    ".",
    "internal",
    "internal/consistenthash",
    "internal/hashtag",
    "internal/pool",
    "internal/proto",
    "internal/util",
  ]
  pruneopts = "UT"
  revision = "75795aa4236dc7341eefac3bbe945e68c99ef9df"
  version = "v6.15.3"

[[projects]]
  digest = "1:582b704bebaa06b48c29b0cec224a6058a09c86883aaddabde889cd1a5f73e1b"
  name = "github.com/google/uuid"
  packages = ["."]
  pruneopts = "UT"
  revision = "0cd6bf5da1e1c83f8b45653022c74f71af0538a4"
  version = "v1.1.1"

[[projects]]
  digest = "1:664d37ea261f0fc73dd17f4a1f5f46d01fbb0b0d75f6375af064824424109b7d"
  name = "github.com/gorilla/handlers"
  packages = ["."]
  pruneopts = "UT"
  revision = "7e0847f9db758cdebd26c149d0ae9d5d0b9c98ce"
  version = "v1.4.0"

[[projects]]
  digest = "1:3af6be4fee7c08f81f13d36f04ffb63ad4b6b5aaba12cce96095c7c2863d4912"
  name = "github.com/gorilla/mux"
  packages = ["."]
  pruneopts = "UT"
  revision = "ed099d42384823742bba0bf9a72b53b55c9e2e38"
  version = "v1.7.2"

[[projects]]
  branch = "master"
  digest = "1:3f89838ea22441f17ea857c2585eab264601a59ba3e7f2dc16a80790c996141d"
  name = "github.com/osallou/goterra-lib"
  packages = [
    "lib/config",
    "lib/db",
    "lib/user",
  ]
  pruneopts = "UT"
  revision = "119f13afc5dac7e176a3f6089e3e3b7d693e1b49"

[[projects]]
  digest = "1:4d2e5a73dc1500038e504a8d78b986630e3626dc027bc030ba5c75da257cdb96"
  name = "gopkg.in/yaml.v2"
  packages = ["."]
  pruneopts = "UT"
  revision = "51d6538a90f86fe93ac480b35f37b2be17fef232"
  version = "v2.2.2"

[solve-meta]
  analyzer-name = "dep"
  analyzer-version = 1
  input-imports = [
    "github.com/dgrijalva/jwt-go",
    "github.com/google/uuid",
    "github.com/gorilla/handlers",
    "github.com/gorilla/mux",
    "github.com/osallou/goterra-lib/lib/config",
    "github.com/osallou/goterra-lib/lib/db",
    "github.com/osallou/goterra-lib/lib/user",
  ]
  solver-name = "gps-cdcl"
  solver-version = 1
